// !$*UTF8*$!
{
	archiveVersion = 1;
	classes = {
	};
	objectVersion = 55;
	objects = {

/* Begin PBXBuildFile section */
		4E7DAA2E27D9287F00588998 /* LocationsDetailsAPI.swift in Sources */ = {isa = PBXBuildFile; fileRef = 4E7DAA2D27D9287F00588998 /* LocationsDetailsAPI.swift */; };
		4E7DAA3027D9291100588998 /* LocationsDetailsEndpoint.swift in Sources */ = {isa = PBXBuildFile; fileRef = 4E7DAA2F27D9291100588998 /* LocationsDetailsEndpoint.swift */; };
		4ED5885927D8F22F00BA8CA7 /* BTView.swift in Sources */ = {isa = PBXBuildFile; fileRef = 4ED5885327D8F22E00BA8CA7 /* BTView.swift */; };
		4ED5885A27D8F22F00BA8CA7 /* BTImageView.swift in Sources */ = {isa = PBXBuildFile; fileRef = 4ED5885427D8F22E00BA8CA7 /* BTImageView.swift */; };
		4ED5885B27D8F22F00BA8CA7 /* LoadingIndicatorViewController.swift in Sources */ = {isa = PBXBuildFile; fileRef = 4ED5885627D8F22E00BA8CA7 /* LoadingIndicatorViewController.swift */; };
		4ED5885C27D8F22F00BA8CA7 /* LoadingIndicatorViewController.xib in Resources */ = {isa = PBXBuildFile; fileRef = 4ED5885727D8F22E00BA8CA7 /* LoadingIndicatorViewController.xib */; };
		4ED5885D27D8F22F00BA8CA7 /* BTTextField.swift in Sources */ = {isa = PBXBuildFile; fileRef = 4ED5885827D8F22E00BA8CA7 /* BTTextField.swift */; };
		4ED5886127D8F41A00BA8CA7 /* HomeEndpoint.swift in Sources */ = {isa = PBXBuildFile; fileRef = 4ED5885F27D8F41A00BA8CA7 /* HomeEndpoint.swift */; };
		4ED5886227D8F41A00BA8CA7 /* HomeAPI.swift in Sources */ = {isa = PBXBuildFile; fileRef = 4ED5886027D8F41A00BA8CA7 /* HomeAPI.swift */; };
		4ED5886427D8F4A600BA8CA7 /* LocationDetails.swift in Sources */ = {isa = PBXBuildFile; fileRef = 4ED5886327D8F4A500BA8CA7 /* LocationDetails.swift */; };
		4ED5886627D8FCB000BA8CA7 /* UIViewController+BT.swift in Sources */ = {isa = PBXBuildFile; fileRef = 4ED5886527D8FCB000BA8CA7 /* UIViewController+BT.swift */; };
		4ED5886827D8FCF600BA8CA7 /* UINavigationController+BT.swift in Sources */ = {isa = PBXBuildFile; fileRef = 4ED5886727D8FCF600BA8CA7 /* UINavigationController+BT.swift */; };
		4ED5886C27D900CB00BA8CA7 /* HomeTableViewCell.swift in Sources */ = {isa = PBXBuildFile; fileRef = 4ED5886A27D900CB00BA8CA7 /* HomeTableViewCell.swift */; };
		4ED5886D27D900CB00BA8CA7 /* HomeTableViewCell.xib in Resources */ = {isa = PBXBuildFile; fileRef = 4ED5886B27D900CB00BA8CA7 /* HomeTableViewCell.xib */; };
		4ED5887127D916B400BA8CA7 /* LocationsDetailsViewController.swift in Sources */ = {isa = PBXBuildFile; fileRef = 4ED5886F27D916B300BA8CA7 /* LocationsDetailsViewController.swift */; };
		4ED5887227D916B400BA8CA7 /* LocationsDetailsViewController.xib in Resources */ = {isa = PBXBuildFile; fileRef = 4ED5887027D916B300BA8CA7 /* LocationsDetailsViewController.xib */; };
		4ED5887427D916C700BA8CA7 /* LocationsDetailsPresenter.swift in Sources */ = {isa = PBXBuildFile; fileRef = 4ED5887327D916C700BA8CA7 /* LocationsDetailsPresenter.swift */; };
		4ED5887627D916E900BA8CA7 /* LocationsDetailsRouter.swift in Sources */ = {isa = PBXBuildFile; fileRef = 4ED5887527D916E900BA8CA7 /* LocationsDetailsRouter.swift */; };
		4ED5887827D916F600BA8CA7 /* LocationsDetailsModel.swift in Sources */ = {isa = PBXBuildFile; fileRef = 4ED5887727D916F600BA8CA7 /* LocationsDetailsModel.swift */; };
		4ED5887A27D9170100BA8CA7 /* LocationsDetailsInteractor.swift in Sources */ = {isa = PBXBuildFile; fileRef = 4ED5887927D9170100BA8CA7 /* LocationsDetailsInteractor.swift */; };
		7BD5CF296D9898EA5E4202C3 /* Pods_BoldTest.framework in Frameworks */ = {isa = PBXBuildFile; fileRef = 028EDABE336E7F1B722EBF56 /* Pods_BoldTest.framework */; };
		95B9F92C93E6F744499CC819 /* Pods_BoldTestTests.framework in Frameworks */ = {isa = PBXBuildFile; fileRef = 1DD43F545847CD70BE300148 /* Pods_BoldTestTests.framework */; };
		AA0ED31527D978F400DBD6A6 /* LocationDetailsTableViewCell.swift in Sources */ = {isa = PBXBuildFile; fileRef = AA0ED31327D978F400DBD6A6 /* LocationDetailsTableViewCell.swift */; };
		AA0ED31627D978F400DBD6A6 /* LocationDetailsTableViewCell.xib in Resources */ = {isa = PBXBuildFile; fileRef = AA0ED31427D978F400DBD6A6 /* LocationDetailsTableViewCell.xib */; };
		AA0ED31927DA357300DBD6A6 /* LHImageView.swift in Sources */ = {isa = PBXBuildFile; fileRef = AA0ED31827DA357300DBD6A6 /* LHImageView.swift */; };
		AA0ED31C27DA359E00DBD6A6 /* LHSettings.swift in Sources */ = {isa = PBXBuildFile; fileRef = AA0ED31B27DA359E00DBD6A6 /* LHSettings.swift */; };
		AA0ED31F27DA35E200DBD6A6 /* Helper.swift in Sources */ = {isa = PBXBuildFile; fileRef = AA0ED31E27DA35E200DBD6A6 /* Helper.swift */; };
		AA0ED32127DA375E00DBD6A6 /* UIImageView+LH.swift in Sources */ = {isa = PBXBuildFile; fileRef = AA0ED32027DA375E00DBD6A6 /* UIImageView+LH.swift */; };
		AA87989027D7FAAD00FD8C2C /* AppDelegate.swift in Sources */ = {isa = PBXBuildFile; fileRef = AA87988F27D7FAAD00FD8C2C /* AppDelegate.swift */; };
		AA87989227D7FAAD00FD8C2C /* SceneDelegate.swift in Sources */ = {isa = PBXBuildFile; fileRef = AA87989127D7FAAD00FD8C2C /* SceneDelegate.swift */; };
		AA87989427D7FAAD00FD8C2C /* BaseViewController.swift in Sources */ = {isa = PBXBuildFile; fileRef = AA87989327D7FAAD00FD8C2C /* BaseViewController.swift */; };
		AA87989727D7FAAD00FD8C2C /* Main.storyboard in Resources */ = {isa = PBXBuildFile; fileRef = AA87989527D7FAAD00FD8C2C /* Main.storyboard */; };
		AA87989927D7FAAE00FD8C2C /* Assets.xcassets in Resources */ = {isa = PBXBuildFile; fileRef = AA87989827D7FAAE00FD8C2C /* Assets.xcassets */; };
		AA87989C27D7FAAE00FD8C2C /* LaunchScreen.storyboard in Resources */ = {isa = PBXBuildFile; fileRef = AA87989A27D7FAAE00FD8C2C /* LaunchScreen.storyboard */; };
		AA8798A727D7FAAE00FD8C2C /* BoldTestTests.swift in Sources */ = {isa = PBXBuildFile; fileRef = AA8798A627D7FAAE00FD8C2C /* BoldTestTests.swift */; };
		AA8798B127D7FAAE00FD8C2C /* BoldTestUITests.swift in Sources */ = {isa = PBXBuildFile; fileRef = AA8798B027D7FAAE00FD8C2C /* BoldTestUITests.swift */; };
		AA8798B327D7FAAE00FD8C2C /* BoldTestUITestsLaunchTests.swift in Sources */ = {isa = PBXBuildFile; fileRef = AA8798B227D7FAAE00FD8C2C /* BoldTestUITestsLaunchTests.swift */; };
		AA8798CC27D7FCE000FD8C2C /* AppRouter.swift in Sources */ = {isa = PBXBuildFile; fileRef = AA8798CB27D7FCE000FD8C2C /* AppRouter.swift */; };
		AA8798CE27D7FCFD00FD8C2C /* GeneralRoute.swift in Sources */ = {isa = PBXBuildFile; fileRef = AA8798CD27D7FCFD00FD8C2C /* GeneralRoute.swift */; };
		AA8798D027D7FD5800FD8C2C /* NetworkService.swift in Sources */ = {isa = PBXBuildFile; fileRef = AA8798CF27D7FD5800FD8C2C /* NetworkService.swift */; };
		AA8798D427D7FD9200FD8C2C /* HomeViewController.swift in Sources */ = {isa = PBXBuildFile; fileRef = AA8798D227D7FD9200FD8C2C /* HomeViewController.swift */; };
		AA8798D527D7FD9200FD8C2C /* HomeViewController.xib in Resources */ = {isa = PBXBuildFile; fileRef = AA8798D327D7FD9200FD8C2C /* HomeViewController.xib */; };
		AA8798D727D7FE8A00FD8C2C /* HomeInteractor.swift in Sources */ = {isa = PBXBuildFile; fileRef = AA8798D627D7FE8A00FD8C2C /* HomeInteractor.swift */; };
		AA8798D927D7FE9B00FD8C2C /* HomePresenter.swift in Sources */ = {isa = PBXBuildFile; fileRef = AA8798D827D7FE9B00FD8C2C /* HomePresenter.swift */; };
		AA8798DB27D7FEA600FD8C2C /* HomeModel.swift in Sources */ = {isa = PBXBuildFile; fileRef = AA8798DA27D7FEA600FD8C2C /* HomeModel.swift */; };
		AA8798DD27D7FEB100FD8C2C /* HomeError.swift in Sources */ = {isa = PBXBuildFile; fileRef = AA8798DC27D7FEB100FD8C2C /* HomeError.swift */; };
		AA8798DF27D7FEBC00FD8C2C /* HomeRouter.swift in Sources */ = {isa = PBXBuildFile; fileRef = AA8798DE27D7FEBC00FD8C2C /* HomeRouter.swift */; };
		F1BD58DFF8E2868BA863FEB6 /* Pods_BoldTest_BoldTestUITests.framework in Frameworks */ = {isa = PBXBuildFile; fileRef = D6B26A8CB07351C596F9AD3B /* Pods_BoldTest_BoldTestUITests.framework */; };
/* End PBXBuildFile section */

/* Begin PBXContainerItemProxy section */
		AA8798A327D7FAAE00FD8C2C /* PBXContainerItemProxy */ = {
			isa = PBXContainerItemProxy;
			containerPortal = AA87988427D7FAAD00FD8C2C /* Project object */;
			proxyType = 1;
			remoteGlobalIDString = AA87988B27D7FAAD00FD8C2C;
			remoteInfo = BoldTest;
		};
		AA8798AD27D7FAAE00FD8C2C /* PBXContainerItemProxy */ = {
			isa = PBXContainerItemProxy;
			containerPortal = AA87988427D7FAAD00FD8C2C /* Project object */;
			proxyType = 1;
			remoteGlobalIDString = AA87988B27D7FAAD00FD8C2C;
			remoteInfo = BoldTest;
		};
/* End PBXContainerItemProxy section */

/* Begin PBXFileReference section */
		028EDABE336E7F1B722EBF56 /* Pods_BoldTest.framework */ = {isa = PBXFileReference; explicitFileType = wrapper.framework; includeInIndex = 0; path = Pods_BoldTest.framework; sourceTree = BUILT_PRODUCTS_DIR; };
		1DD43F545847CD70BE300148 /* Pods_BoldTestTests.framework */ = {isa = PBXFileReference; explicitFileType = wrapper.framework; includeInIndex = 0; path = Pods_BoldTestTests.framework; sourceTree = BUILT_PRODUCTS_DIR; };
		4E7DAA2D27D9287F00588998 /* LocationsDetailsAPI.swift */ = {isa = PBXFileReference; lastKnownFileType = sourcecode.swift; path = LocationsDetailsAPI.swift; sourceTree = "<group>"; };
		4E7DAA2F27D9291100588998 /* LocationsDetailsEndpoint.swift */ = {isa = PBXFileReference; lastKnownFileType = sourcecode.swift; path = LocationsDetailsEndpoint.swift; sourceTree = "<group>"; };
		4ED5885327D8F22E00BA8CA7 /* BTView.swift */ = {isa = PBXFileReference; fileEncoding = 4; lastKnownFileType = sourcecode.swift; path = BTView.swift; sourceTree = "<group>"; };
		4ED5885427D8F22E00BA8CA7 /* BTImageView.swift */ = {isa = PBXFileReference; fileEncoding = 4; lastKnownFileType = sourcecode.swift; path = BTImageView.swift; sourceTree = "<group>"; };
		4ED5885627D8F22E00BA8CA7 /* LoadingIndicatorViewController.swift */ = {isa = PBXFileReference; fileEncoding = 4; lastKnownFileType = sourcecode.swift; path = LoadingIndicatorViewController.swift; sourceTree = "<group>"; };
		4ED5885727D8F22E00BA8CA7 /* LoadingIndicatorViewController.xib */ = {isa = PBXFileReference; fileEncoding = 4; lastKnownFileType = file.xib; path = LoadingIndicatorViewController.xib; sourceTree = "<group>"; };
		4ED5885827D8F22E00BA8CA7 /* BTTextField.swift */ = {isa = PBXFileReference; fileEncoding = 4; lastKnownFileType = sourcecode.swift; path = BTTextField.swift; sourceTree = "<group>"; };
		4ED5885F27D8F41A00BA8CA7 /* HomeEndpoint.swift */ = {isa = PBXFileReference; fileEncoding = 4; lastKnownFileType = sourcecode.swift; path = HomeEndpoint.swift; sourceTree = "<group>"; };
		4ED5886027D8F41A00BA8CA7 /* HomeAPI.swift */ = {isa = PBXFileReference; fileEncoding = 4; lastKnownFileType = sourcecode.swift; path = HomeAPI.swift; sourceTree = "<group>"; };
		4ED5886327D8F4A500BA8CA7 /* LocationDetails.swift */ = {isa = PBXFileReference; lastKnownFileType = sourcecode.swift; path = LocationDetails.swift; sourceTree = "<group>"; };
		4ED5886527D8FCB000BA8CA7 /* UIViewController+BT.swift */ = {isa = PBXFileReference; fileEncoding = 4; lastKnownFileType = sourcecode.swift; path = "UIViewController+BT.swift"; sourceTree = "<group>"; };
		4ED5886727D8FCF600BA8CA7 /* UINavigationController+BT.swift */ = {isa = PBXFileReference; fileEncoding = 4; lastKnownFileType = sourcecode.swift; path = "UINavigationController+BT.swift"; sourceTree = "<group>"; };
		4ED5886A27D900CB00BA8CA7 /* HomeTableViewCell.swift */ = {isa = PBXFileReference; lastKnownFileType = sourcecode.swift; path = HomeTableViewCell.swift; sourceTree = "<group>"; };
		4ED5886B27D900CB00BA8CA7 /* HomeTableViewCell.xib */ = {isa = PBXFileReference; lastKnownFileType = file.xib; path = HomeTableViewCell.xib; sourceTree = "<group>"; };
		4ED5886F27D916B300BA8CA7 /* LocationsDetailsViewController.swift */ = {isa = PBXFileReference; lastKnownFileType = sourcecode.swift; path = LocationsDetailsViewController.swift; sourceTree = "<group>"; };
		4ED5887027D916B300BA8CA7 /* LocationsDetailsViewController.xib */ = {isa = PBXFileReference; lastKnownFileType = file.xib; path = LocationsDetailsViewController.xib; sourceTree = "<group>"; };
		4ED5887327D916C700BA8CA7 /* LocationsDetailsPresenter.swift */ = {isa = PBXFileReference; lastKnownFileType = sourcecode.swift; path = LocationsDetailsPresenter.swift; sourceTree = "<group>"; };
		4ED5887527D916E900BA8CA7 /* LocationsDetailsRouter.swift */ = {isa = PBXFileReference; lastKnownFileType = sourcecode.swift; path = LocationsDetailsRouter.swift; sourceTree = "<group>"; };
		4ED5887727D916F600BA8CA7 /* LocationsDetailsModel.swift */ = {isa = PBXFileReference; lastKnownFileType = sourcecode.swift; path = LocationsDetailsModel.swift; sourceTree = "<group>"; };
		4ED5887927D9170100BA8CA7 /* LocationsDetailsInteractor.swift */ = {isa = PBXFileReference; lastKnownFileType = sourcecode.swift; path = LocationsDetailsInteractor.swift; sourceTree = "<group>"; };
		90C341C2A246D52814BFD9EA /* Pods-BoldTest-BoldTestUITests.release.xcconfig */ = {isa = PBXFileReference; includeInIndex = 1; lastKnownFileType = text.xcconfig; name = "Pods-BoldTest-BoldTestUITests.release.xcconfig"; path = "Target Support Files/Pods-BoldTest-BoldTestUITests/Pods-BoldTest-BoldTestUITests.release.xcconfig"; sourceTree = "<group>"; };
		9BDC3BBF47DA09257CD34B73 /* Pods-BoldTest.release.xcconfig */ = {isa = PBXFileReference; includeInIndex = 1; lastKnownFileType = text.xcconfig; name = "Pods-BoldTest.release.xcconfig"; path = "Target Support Files/Pods-BoldTest/Pods-BoldTest.release.xcconfig"; sourceTree = "<group>"; };
		9DC40F9C7DE89666D57F90E6 /* Pods-BoldTestTests.debug.xcconfig */ = {isa = PBXFileReference; includeInIndex = 1; lastKnownFileType = text.xcconfig; name = "Pods-BoldTestTests.debug.xcconfig"; path = "Target Support Files/Pods-BoldTestTests/Pods-BoldTestTests.debug.xcconfig"; sourceTree = "<group>"; };
		AA0ED31327D978F400DBD6A6 /* LocationDetailsTableViewCell.swift */ = {isa = PBXFileReference; lastKnownFileType = sourcecode.swift; path = LocationDetailsTableViewCell.swift; sourceTree = "<group>"; };
		AA0ED31427D978F400DBD6A6 /* LocationDetailsTableViewCell.xib */ = {isa = PBXFileReference; lastKnownFileType = file.xib; path = LocationDetailsTableViewCell.xib; sourceTree = "<group>"; };
		AA0ED31827DA357300DBD6A6 /* LHImageView.swift */ = {isa = PBXFileReference; fileEncoding = 4; lastKnownFileType = sourcecode.swift; path = LHImageView.swift; sourceTree = "<group>"; };
		AA0ED31B27DA359E00DBD6A6 /* LHSettings.swift */ = {isa = PBXFileReference; fileEncoding = 4; lastKnownFileType = sourcecode.swift; path = LHSettings.swift; sourceTree = "<group>"; };
		AA0ED31E27DA35E200DBD6A6 /* Helper.swift */ = {isa = PBXFileReference; fileEncoding = 4; lastKnownFileType = sourcecode.swift; path = Helper.swift; sourceTree = "<group>"; };
		AA0ED32027DA375E00DBD6A6 /* UIImageView+LH.swift */ = {isa = PBXFileReference; fileEncoding = 4; lastKnownFileType = sourcecode.swift; path = "UIImageView+LH.swift"; sourceTree = "<group>"; };
		AA87988C27D7FAAD00FD8C2C /* BoldTest.app */ = {isa = PBXFileReference; explicitFileType = wrapper.application; includeInIndex = 0; path = BoldTest.app; sourceTree = BUILT_PRODUCTS_DIR; };
		AA87988F27D7FAAD00FD8C2C /* AppDelegate.swift */ = {isa = PBXFileReference; lastKnownFileType = sourcecode.swift; path = AppDelegate.swift; sourceTree = "<group>"; };
		AA87989127D7FAAD00FD8C2C /* SceneDelegate.swift */ = {isa = PBXFileReference; lastKnownFileType = sourcecode.swift; path = SceneDelegate.swift; sourceTree = "<group>"; };
		AA87989327D7FAAD00FD8C2C /* BaseViewController.swift */ = {isa = PBXFileReference; lastKnownFileType = sourcecode.swift; path = BaseViewController.swift; sourceTree = "<group>"; };
		AA87989627D7FAAD00FD8C2C /* Base */ = {isa = PBXFileReference; lastKnownFileType = file.storyboard; name = Base; path = Base.lproj/Main.storyboard; sourceTree = "<group>"; };
		AA87989827D7FAAE00FD8C2C /* Assets.xcassets */ = {isa = PBXFileReference; lastKnownFileType = folder.assetcatalog; path = Assets.xcassets; sourceTree = "<group>"; };
		AA87989B27D7FAAE00FD8C2C /* Base */ = {isa = PBXFileReference; lastKnownFileType = file.storyboard; name = Base; path = Base.lproj/LaunchScreen.storyboard; sourceTree = "<group>"; };
		AA87989D27D7FAAE00FD8C2C /* Info.plist */ = {isa = PBXFileReference; lastKnownFileType = text.plist.xml; path = Info.plist; sourceTree = "<group>"; };
		AA8798A227D7FAAE00FD8C2C /* BoldTestTests.xctest */ = {isa = PBXFileReference; explicitFileType = wrapper.cfbundle; includeInIndex = 0; path = BoldTestTests.xctest; sourceTree = BUILT_PRODUCTS_DIR; };
		AA8798A627D7FAAE00FD8C2C /* BoldTestTests.swift */ = {isa = PBXFileReference; lastKnownFileType = sourcecode.swift; path = BoldTestTests.swift; sourceTree = "<group>"; };
		AA8798AC27D7FAAE00FD8C2C /* BoldTestUITests.xctest */ = {isa = PBXFileReference; explicitFileType = wrapper.cfbundle; includeInIndex = 0; path = BoldTestUITests.xctest; sourceTree = BUILT_PRODUCTS_DIR; };
		AA8798B027D7FAAE00FD8C2C /* BoldTestUITests.swift */ = {isa = PBXFileReference; lastKnownFileType = sourcecode.swift; path = BoldTestUITests.swift; sourceTree = "<group>"; };
		AA8798B227D7FAAE00FD8C2C /* BoldTestUITestsLaunchTests.swift */ = {isa = PBXFileReference; lastKnownFileType = sourcecode.swift; path = BoldTestUITestsLaunchTests.swift; sourceTree = "<group>"; };
		AA8798CB27D7FCE000FD8C2C /* AppRouter.swift */ = {isa = PBXFileReference; lastKnownFileType = sourcecode.swift; path = AppRouter.swift; sourceTree = "<group>"; };
		AA8798CD27D7FCFD00FD8C2C /* GeneralRoute.swift */ = {isa = PBXFileReference; lastKnownFileType = sourcecode.swift; path = GeneralRoute.swift; sourceTree = "<group>"; };
		AA8798CF27D7FD5800FD8C2C /* NetworkService.swift */ = {isa = PBXFileReference; lastKnownFileType = sourcecode.swift; path = NetworkService.swift; sourceTree = "<group>"; };
		AA8798D227D7FD9200FD8C2C /* HomeViewController.swift */ = {isa = PBXFileReference; lastKnownFileType = sourcecode.swift; path = HomeViewController.swift; sourceTree = "<group>"; };
		AA8798D327D7FD9200FD8C2C /* HomeViewController.xib */ = {isa = PBXFileReference; lastKnownFileType = file.xib; path = HomeViewController.xib; sourceTree = "<group>"; };
		AA8798D627D7FE8A00FD8C2C /* HomeInteractor.swift */ = {isa = PBXFileReference; lastKnownFileType = sourcecode.swift; path = HomeInteractor.swift; sourceTree = "<group>"; };
		AA8798D827D7FE9B00FD8C2C /* HomePresenter.swift */ = {isa = PBXFileReference; lastKnownFileType = sourcecode.swift; path = HomePresenter.swift; sourceTree = "<group>"; };
		AA8798DA27D7FEA600FD8C2C /* HomeModel.swift */ = {isa = PBXFileReference; lastKnownFileType = sourcecode.swift; path = HomeModel.swift; sourceTree = "<group>"; };
		AA8798DC27D7FEB100FD8C2C /* HomeError.swift */ = {isa = PBXFileReference; lastKnownFileType = sourcecode.swift; path = HomeError.swift; sourceTree = "<group>"; };
		AA8798DE27D7FEBC00FD8C2C /* HomeRouter.swift */ = {isa = PBXFileReference; lastKnownFileType = sourcecode.swift; path = HomeRouter.swift; sourceTree = "<group>"; };
		B724BC7B2E222A249420B92E /* Pods-BoldTest.debug.xcconfig */ = {isa = PBXFileReference; includeInIndex = 1; lastKnownFileType = text.xcconfig; name = "Pods-BoldTest.debug.xcconfig"; path = "Target Support Files/Pods-BoldTest/Pods-BoldTest.debug.xcconfig"; sourceTree = "<group>"; };
		B7747540A3BBA14F7CF04D1D /* Pods-BoldTest-BoldTestUITests.debug.xcconfig */ = {isa = PBXFileReference; includeInIndex = 1; lastKnownFileType = text.xcconfig; name = "Pods-BoldTest-BoldTestUITests.debug.xcconfig"; path = "Target Support Files/Pods-BoldTest-BoldTestUITests/Pods-BoldTest-BoldTestUITests.debug.xcconfig"; sourceTree = "<group>"; };
		BB66C6C38140E4903CCBF524 /* Pods-BoldTestTests.release.xcconfig */ = {isa = PBXFileReference; includeInIndex = 1; lastKnownFileType = text.xcconfig; name = "Pods-BoldTestTests.release.xcconfig"; path = "Target Support Files/Pods-BoldTestTests/Pods-BoldTestTests.release.xcconfig"; sourceTree = "<group>"; };
		D6B26A8CB07351C596F9AD3B /* Pods_BoldTest_BoldTestUITests.framework */ = {isa = PBXFileReference; explicitFileType = wrapper.framework; includeInIndex = 0; path = Pods_BoldTest_BoldTestUITests.framework; sourceTree = BUILT_PRODUCTS_DIR; };
/* End PBXFileReference section */

/* Begin PBXFrameworksBuildPhase section */
		AA87988927D7FAAD00FD8C2C /* Frameworks */ = {
			isa = PBXFrameworksBuildPhase;
			buildActionMask = 2147483647;
			files = (
				7BD5CF296D9898EA5E4202C3 /* Pods_BoldTest.framework in Frameworks */,
			);
			runOnlyForDeploymentPostprocessing = 0;
		};
		AA87989F27D7FAAE00FD8C2C /* Frameworks */ = {
			isa = PBXFrameworksBuildPhase;
			buildActionMask = 2147483647;
			files = (
				95B9F92C93E6F744499CC819 /* Pods_BoldTestTests.framework in Frameworks */,
			);
			runOnlyForDeploymentPostprocessing = 0;
		};
		AA8798A927D7FAAE00FD8C2C /* Frameworks */ = {
			isa = PBXFrameworksBuildPhase;
			buildActionMask = 2147483647;
			files = (
				F1BD58DFF8E2868BA863FEB6 /* Pods_BoldTest_BoldTestUITests.framework in Frameworks */,
			);
			runOnlyForDeploymentPostprocessing = 0;
		};
/* End PBXFrameworksBuildPhase section */

/* Begin PBXGroup section */
		164DA00AA52582C7E08C5592 /* Pods */ = {
			isa = PBXGroup;
			children = (
				B724BC7B2E222A249420B92E /* Pods-BoldTest.debug.xcconfig */,
				9BDC3BBF47DA09257CD34B73 /* Pods-BoldTest.release.xcconfig */,
				B7747540A3BBA14F7CF04D1D /* Pods-BoldTest-BoldTestUITests.debug.xcconfig */,
				90C341C2A246D52814BFD9EA /* Pods-BoldTest-BoldTestUITests.release.xcconfig */,
				9DC40F9C7DE89666D57F90E6 /* Pods-BoldTestTests.debug.xcconfig */,
				BB66C6C38140E4903CCBF524 /* Pods-BoldTestTests.release.xcconfig */,
			);
			path = Pods;
			sourceTree = "<group>";
		};
		307E81191F98F1CE0BDCC05E /* Frameworks */ = {
			isa = PBXGroup;
			children = (
				028EDABE336E7F1B722EBF56 /* Pods_BoldTest.framework */,
				D6B26A8CB07351C596F9AD3B /* Pods_BoldTest_BoldTestUITests.framework */,
				1DD43F545847CD70BE300148 /* Pods_BoldTestTests.framework */,
			);
			name = Frameworks;
			sourceTree = "<group>";
		};
		4ED5884D27D8E9F800BA8CA7 /* Models */ = {
			isa = PBXGroup;
			children = (
				4ED5886327D8F4A500BA8CA7 /* LocationDetails.swift */,
			);
			path = Models;
			sourceTree = "<group>";
		};
		4ED5884E27D8EA1400BA8CA7 /* Foundation */ = {
			isa = PBXGroup;
			children = (
				AA0ED31D27DA35BA00DBD6A6 /* Util */,
				AA0ED31A27DA358700DBD6A6 /* Settings */,
				4ED5885127D8EAB600BA8CA7 /* Extensions */,
				4ED5885027D8EAAB00BA8CA7 /* UI */,
			);
			path = Foundation;
			sourceTree = "<group>";
		};
		4ED5885027D8EAAB00BA8CA7 /* UI */ = {
			isa = PBXGroup;
			children = (
				AA0ED31827DA357300DBD6A6 /* LHImageView.swift */,
				4ED5885427D8F22E00BA8CA7 /* BTImageView.swift */,
				4ED5885827D8F22E00BA8CA7 /* BTTextField.swift */,
				4ED5885327D8F22E00BA8CA7 /* BTView.swift */,
				4ED5885527D8F22E00BA8CA7 /* Loading Indicator */,
			);
			path = UI;
			sourceTree = "<group>";
		};
		4ED5885127D8EAB600BA8CA7 /* Extensions */ = {
			isa = PBXGroup;
			children = (
				AA0ED32027DA375E00DBD6A6 /* UIImageView+LH.swift */,
				4ED5886727D8FCF600BA8CA7 /* UINavigationController+BT.swift */,
				4ED5886527D8FCB000BA8CA7 /* UIViewController+BT.swift */,
			);
			path = Extensions;
			sourceTree = "<group>";
		};
		4ED5885527D8F22E00BA8CA7 /* Loading Indicator */ = {
			isa = PBXGroup;
			children = (
				4ED5885627D8F22E00BA8CA7 /* LoadingIndicatorViewController.swift */,
				4ED5885727D8F22E00BA8CA7 /* LoadingIndicatorViewController.xib */,
			);
			path = "Loading Indicator";
			sourceTree = "<group>";
		};
		4ED5885E27D8F40800BA8CA7 /* Home */ = {
			isa = PBXGroup;
			children = (
				4ED5886027D8F41A00BA8CA7 /* HomeAPI.swift */,
				4ED5885F27D8F41A00BA8CA7 /* HomeEndpoint.swift */,
			);
			path = Home;
			sourceTree = "<group>";
		};
		4ED5886927D900A900BA8CA7 /* Home Cell */ = {
			isa = PBXGroup;
			children = (
				4ED5886A27D900CB00BA8CA7 /* HomeTableViewCell.swift */,
				4ED5886B27D900CB00BA8CA7 /* HomeTableViewCell.xib */,
			);
			path = "Home Cell";
			sourceTree = "<group>";
		};
		4ED5886E27D9168B00BA8CA7 /* Locations Details */ = {
			isa = PBXGroup;
			children = (
				AA0ED31227D978C500DBD6A6 /* Location Cell */,
				4ED5887527D916E900BA8CA7 /* LocationsDetailsRouter.swift */,
				4ED5887727D916F600BA8CA7 /* LocationsDetailsModel.swift */,
				4ED5887927D9170100BA8CA7 /* LocationsDetailsInteractor.swift */,
				4ED5887327D916C700BA8CA7 /* LocationsDetailsPresenter.swift */,
				4ED5886F27D916B300BA8CA7 /* LocationsDetailsViewController.swift */,
				4ED5887027D916B300BA8CA7 /* LocationsDetailsViewController.xib */,
			);
			path = "Locations Details";
			sourceTree = "<group>";
		};
		4ED5887B27D91BAA00BA8CA7 /* LocationsDetails */ = {
			isa = PBXGroup;
			children = (
				4E7DAA2D27D9287F00588998 /* LocationsDetailsAPI.swift */,
				4E7DAA2F27D9291100588998 /* LocationsDetailsEndpoint.swift */,
			);
			path = LocationsDetails;
			sourceTree = "<group>";
		};
		AA0ED31227D978C500DBD6A6 /* Location Cell */ = {
			isa = PBXGroup;
			children = (
				AA0ED31327D978F400DBD6A6 /* LocationDetailsTableViewCell.swift */,
				AA0ED31427D978F400DBD6A6 /* LocationDetailsTableViewCell.xib */,
			);
			path = "Location Cell";
			sourceTree = "<group>";
		};
		AA0ED31A27DA358700DBD6A6 /* Settings */ = {
			isa = PBXGroup;
			children = (
				AA0ED31B27DA359E00DBD6A6 /* LHSettings.swift */,
			);
			path = Settings;
			sourceTree = "<group>";
		};
		AA0ED31D27DA35BA00DBD6A6 /* Util */ = {
			isa = PBXGroup;
			children = (
				AA0ED31E27DA35E200DBD6A6 /* Helper.swift */,
			);
			path = Util;
			sourceTree = "<group>";
		};
		AA87988327D7FAAD00FD8C2C = {
			isa = PBXGroup;
			children = (
				AA87988E27D7FAAD00FD8C2C /* BoldTest */,
				AA8798A527D7FAAE00FD8C2C /* BoldTestTests */,
				AA8798AF27D7FAAE00FD8C2C /* BoldTestUITests */,
				AA87988D27D7FAAD00FD8C2C /* Products */,
				164DA00AA52582C7E08C5592 /* Pods */,
				307E81191F98F1CE0BDCC05E /* Frameworks */,
			);
			sourceTree = "<group>";
		};
		AA87988D27D7FAAD00FD8C2C /* Products */ = {
			isa = PBXGroup;
			children = (
				AA87988C27D7FAAD00FD8C2C /* BoldTest.app */,
				AA8798A227D7FAAE00FD8C2C /* BoldTestTests.xctest */,
				AA8798AC27D7FAAE00FD8C2C /* BoldTestUITests.xctest */,
			);
			name = Products;
			sourceTree = "<group>";
		};
		AA87988E27D7FAAD00FD8C2C /* BoldTest */ = {
			isa = PBXGroup;
			children = (
				4ED5884E27D8EA1400BA8CA7 /* Foundation */,
				AA8798C227D7FBA500FD8C2C /* Main */,
				AA8798C127D7FB9B00FD8C2C /* Resources */,
				AA8798C027D7FB8F00FD8C2C /* Common */,
				AA8798BF27D7FB8000FD8C2C /* Scenes */,
				AA87989D27D7FAAE00FD8C2C /* Info.plist */,
			);
			path = BoldTest;
			sourceTree = "<group>";
		};
		AA8798A527D7FAAE00FD8C2C /* BoldTestTests */ = {
			isa = PBXGroup;
			children = (
				AA8798A627D7FAAE00FD8C2C /* BoldTestTests.swift */,
			);
			path = BoldTestTests;
			sourceTree = "<group>";
		};
		AA8798AF27D7FAAE00FD8C2C /* BoldTestUITests */ = {
			isa = PBXGroup;
			children = (
				AA8798B027D7FAAE00FD8C2C /* BoldTestUITests.swift */,
				AA8798B227D7FAAE00FD8C2C /* BoldTestUITestsLaunchTests.swift */,
			);
			path = BoldTestUITests;
			sourceTree = "<group>";
		};
		AA8798BF27D7FB8000FD8C2C /* Scenes */ = {
			isa = PBXGroup;
			children = (
				4ED5886E27D9168B00BA8CA7 /* Locations Details */,
				AA8798D127D7FD7900FD8C2C /* Home */,
			);
			path = Scenes;
			sourceTree = "<group>";
		};
		AA8798C027D7FB8F00FD8C2C /* Common */ = {
			isa = PBXGroup;
			children = (
				AA8798CA27D7FCA700FD8C2C /* Router */,
				4ED5884D27D8E9F800BA8CA7 /* Models */,
				AA8798C827D7FC8F00FD8C2C /* Services */,
			);
			path = Common;
			sourceTree = "<group>";
		};
		AA8798C127D7FB9B00FD8C2C /* Resources */ = {
			isa = PBXGroup;
			children = (
				AA87989527D7FAAD00FD8C2C /* Main.storyboard */,
				AA87989827D7FAAE00FD8C2C /* Assets.xcassets */,
				AA87989A27D7FAAE00FD8C2C /* LaunchScreen.storyboard */,
			);
			path = Resources;
			sourceTree = "<group>";
		};
		AA8798C227D7FBA500FD8C2C /* Main */ = {
			isa = PBXGroup;
			children = (
				AA87988F27D7FAAD00FD8C2C /* AppDelegate.swift */,
				AA87989127D7FAAD00FD8C2C /* SceneDelegate.swift */,
				AA87989327D7FAAD00FD8C2C /* BaseViewController.swift */,
			);
			path = Main;
			sourceTree = "<group>";
		};
		AA8798C827D7FC8F00FD8C2C /* Services */ = {
			isa = PBXGroup;
			children = (
				AA8798CF27D7FD5800FD8C2C /* NetworkService.swift */,
				4ED5887B27D91BAA00BA8CA7 /* LocationsDetails */,
				4ED5885E27D8F40800BA8CA7 /* Home */,
			);
			path = Services;
			sourceTree = "<group>";
		};
		AA8798CA27D7FCA700FD8C2C /* Router */ = {
			isa = PBXGroup;
			children = (
				AA8798CB27D7FCE000FD8C2C /* AppRouter.swift */,
				AA8798CD27D7FCFD00FD8C2C /* GeneralRoute.swift */,
			);
			path = Router;
			sourceTree = "<group>";
		};
		AA8798D127D7FD7900FD8C2C /* Home */ = {
			isa = PBXGroup;
			children = (
				4ED5886927D900A900BA8CA7 /* Home Cell */,
				AA8798DE27D7FEBC00FD8C2C /* HomeRouter.swift */,
				AA8798DC27D7FEB100FD8C2C /* HomeError.swift */,
				AA8798DA27D7FEA600FD8C2C /* HomeModel.swift */,
				AA8798D627D7FE8A00FD8C2C /* HomeInteractor.swift */,
				AA8798D827D7FE9B00FD8C2C /* HomePresenter.swift */,
				AA8798D227D7FD9200FD8C2C /* HomeViewController.swift */,
				AA8798D327D7FD9200FD8C2C /* HomeViewController.xib */,
			);
			path = Home;
			sourceTree = "<group>";
		};
/* End PBXGroup section */

/* Begin PBXNativeTarget section */
		AA87988B27D7FAAD00FD8C2C /* BoldTest */ = {
			isa = PBXNativeTarget;
			buildConfigurationList = AA8798B627D7FAAE00FD8C2C /* Build configuration list for PBXNativeTarget "BoldTest" */;
			buildPhases = (
				F656839AEFE8663E84F72483 /* [CP] Check Pods Manifest.lock */,
				AA87988827D7FAAD00FD8C2C /* Sources */,
				AA87988927D7FAAD00FD8C2C /* Frameworks */,
				AA87988A27D7FAAD00FD8C2C /* Resources */,
				A7645D2EB52194D35150A3D0 /* [CP] Embed Pods Frameworks */,
			);
			buildRules = (
			);
			dependencies = (
			);
			name = BoldTest;
			productName = BoldTest;
			productReference = AA87988C27D7FAAD00FD8C2C /* BoldTest.app */;
			productType = "com.apple.product-type.application";
		};
		AA8798A127D7FAAE00FD8C2C /* BoldTestTests */ = {
			isa = PBXNativeTarget;
			buildConfigurationList = AA8798B927D7FAAE00FD8C2C /* Build configuration list for PBXNativeTarget "BoldTestTests" */;
			buildPhases = (
				1167F170A2EFD2807932916C /* [CP] Check Pods Manifest.lock */,
				AA87989E27D7FAAE00FD8C2C /* Sources */,
				AA87989F27D7FAAE00FD8C2C /* Frameworks */,
				AA8798A027D7FAAE00FD8C2C /* Resources */,
			);
			buildRules = (
			);
			dependencies = (
				AA8798A427D7FAAE00FD8C2C /* PBXTargetDependency */,
			);
			name = BoldTestTests;
			productName = BoldTestTests;
			productReference = AA8798A227D7FAAE00FD8C2C /* BoldTestTests.xctest */;
			productType = "com.apple.product-type.bundle.unit-test";
		};
		AA8798AB27D7FAAE00FD8C2C /* BoldTestUITests */ = {
			isa = PBXNativeTarget;
			buildConfigurationList = AA8798BC27D7FAAE00FD8C2C /* Build configuration list for PBXNativeTarget "BoldTestUITests" */;
			buildPhases = (
				14BE2DC636EACC29BBD4B278 /* [CP] Check Pods Manifest.lock */,
				AA8798A827D7FAAE00FD8C2C /* Sources */,
				AA8798A927D7FAAE00FD8C2C /* Frameworks */,
				AA8798AA27D7FAAE00FD8C2C /* Resources */,
				658164A203F0544F979C5F15 /* [CP] Embed Pods Frameworks */,
			);
			buildRules = (
			);
			dependencies = (
				AA8798AE27D7FAAE00FD8C2C /* PBXTargetDependency */,
			);
			name = BoldTestUITests;
			productName = BoldTestUITests;
			productReference = AA8798AC27D7FAAE00FD8C2C /* BoldTestUITests.xctest */;
			productType = "com.apple.product-type.bundle.ui-testing";
		};
/* End PBXNativeTarget section */

/* Begin PBXProject section */
		AA87988427D7FAAD00FD8C2C /* Project object */ = {
			isa = PBXProject;
			attributes = {
				BuildIndependentTargetsInParallel = 1;
				LastSwiftUpdateCheck = 1320;
				LastUpgradeCheck = 1320;
				TargetAttributes = {
					AA87988B27D7FAAD00FD8C2C = {
						CreatedOnToolsVersion = 13.2.1;
					};
					AA8798A127D7FAAE00FD8C2C = {
						CreatedOnToolsVersion = 13.2.1;
						TestTargetID = AA87988B27D7FAAD00FD8C2C;
					};
					AA8798AB27D7FAAE00FD8C2C = {
						CreatedOnToolsVersion = 13.2.1;
						TestTargetID = AA87988B27D7FAAD00FD8C2C;
					};
				};
			};
			buildConfigurationList = AA87988727D7FAAD00FD8C2C /* Build configuration list for PBXProject "BoldTest" */;
			compatibilityVersion = "Xcode 13.0";
			developmentRegion = en;
			hasScannedForEncodings = 0;
			knownRegions = (
				en,
				Base,
			);
			mainGroup = AA87988327D7FAAD00FD8C2C;
			productRefGroup = AA87988D27D7FAAD00FD8C2C /* Products */;
			projectDirPath = "";
			projectRoot = "";
			targets = (
				AA87988B27D7FAAD00FD8C2C /* BoldTest */,
				AA8798A127D7FAAE00FD8C2C /* BoldTestTests */,
				AA8798AB27D7FAAE00FD8C2C /* BoldTestUITests */,
			);
		};
/* End PBXProject section */

/* Begin PBXResourcesBuildPhase section */
		AA87988A27D7FAAD00FD8C2C /* Resources */ = {
			isa = PBXResourcesBuildPhase;
			buildActionMask = 2147483647;
			files = (
				4ED5885C27D8F22F00BA8CA7 /* LoadingIndicatorViewController.xib in Resources */,
				AA87989C27D7FAAE00FD8C2C /* LaunchScreen.storyboard in Resources */,
				AA87989927D7FAAE00FD8C2C /* Assets.xcassets in Resources */,
				AA87989727D7FAAD00FD8C2C /* Main.storyboard in Resources */,
				4ED5886D27D900CB00BA8CA7 /* HomeTableViewCell.xib in Resources */,
				AA8798D527D7FD9200FD8C2C /* HomeViewController.xib in Resources */,
				AA0ED31627D978F400DBD6A6 /* LocationDetailsTableViewCell.xib in Resources */,
				4ED5887227D916B400BA8CA7 /* LocationsDetailsViewController.xib in Resources */,
			);
			runOnlyForDeploymentPostprocessing = 0;
		};
		AA8798A027D7FAAE00FD8C2C /* Resources */ = {
			isa = PBXResourcesBuildPhase;
			buildActionMask = 2147483647;
			files = (
			);
			runOnlyForDeploymentPostprocessing = 0;
		};
		AA8798AA27D7FAAE00FD8C2C /* Resources */ = {
			isa = PBXResourcesBuildPhase;
			buildActionMask = 2147483647;
			files = (
			);
			runOnlyForDeploymentPostprocessing = 0;
		};
/* End PBXResourcesBuildPhase section */

/* Begin PBXShellScriptBuildPhase section */
		1167F170A2EFD2807932916C /* [CP] Check Pods Manifest.lock */ = {
			isa = PBXShellScriptBuildPhase;
			buildActionMask = 2147483647;
			files = (
			);
			inputFileListPaths = (
			);
			inputPaths = (
				"${PODS_PODFILE_DIR_PATH}/Podfile.lock",
				"${PODS_ROOT}/Manifest.lock",
			);
			name = "[CP] Check Pods Manifest.lock";
			outputFileListPaths = (
			);
			outputPaths = (
				"$(DERIVED_FILE_DIR)/Pods-BoldTestTests-checkManifestLockResult.txt",
			);
			runOnlyForDeploymentPostprocessing = 0;
			shellPath = /bin/sh;
			shellScript = "diff \"${PODS_PODFILE_DIR_PATH}/Podfile.lock\" \"${PODS_ROOT}/Manifest.lock\" > /dev/null\nif [ $? != 0 ] ; then\n    # print error to STDERR\n    echo \"error: The sandbox is not in sync with the Podfile.lock. Run 'pod install' or update your CocoaPods installation.\" >&2\n    exit 1\nfi\n# This output is used by Xcode 'outputs' to avoid re-running this script phase.\necho \"SUCCESS\" > \"${SCRIPT_OUTPUT_FILE_0}\"\n";
			showEnvVarsInLog = 0;
		};
		14BE2DC636EACC29BBD4B278 /* [CP] Check Pods Manifest.lock */ = {
			isa = PBXShellScriptBuildPhase;
			buildActionMask = 2147483647;
			files = (
			);
			inputFileListPaths = (
			);
			inputPaths = (
				"${PODS_PODFILE_DIR_PATH}/Podfile.lock",
				"${PODS_ROOT}/Manifest.lock",
			);
			name = "[CP] Check Pods Manifest.lock";
			outputFileListPaths = (
			);
			outputPaths = (
				"$(DERIVED_FILE_DIR)/Pods-BoldTest-BoldTestUITests-checkManifestLockResult.txt",
			);
			runOnlyForDeploymentPostprocessing = 0;
			shellPath = /bin/sh;
			shellScript = "diff \"${PODS_PODFILE_DIR_PATH}/Podfile.lock\" \"${PODS_ROOT}/Manifest.lock\" > /dev/null\nif [ $? != 0 ] ; then\n    # print error to STDERR\n    echo \"error: The sandbox is not in sync with the Podfile.lock. Run 'pod install' or update your CocoaPods installation.\" >&2\n    exit 1\nfi\n# This output is used by Xcode 'outputs' to avoid re-running this script phase.\necho \"SUCCESS\" > \"${SCRIPT_OUTPUT_FILE_0}\"\n";
			showEnvVarsInLog = 0;
		};
		658164A203F0544F979C5F15 /* [CP] Embed Pods Frameworks */ = {
			isa = PBXShellScriptBuildPhase;
			buildActionMask = 2147483647;
			files = (
			);
			inputFileListPaths = (
				"${PODS_ROOT}/Target Support Files/Pods-BoldTest-BoldTestUITests/Pods-BoldTest-BoldTestUITests-frameworks-${CONFIGURATION}-input-files.xcfilelist",
			);
			name = "[CP] Embed Pods Frameworks";
			outputFileListPaths = (
				"${PODS_ROOT}/Target Support Files/Pods-BoldTest-BoldTestUITests/Pods-BoldTest-BoldTestUITests-frameworks-${CONFIGURATION}-output-files.xcfilelist",
			);
			runOnlyForDeploymentPostprocessing = 0;
			shellPath = /bin/sh;
			shellScript = "\"${PODS_ROOT}/Target Support Files/Pods-BoldTest-BoldTestUITests/Pods-BoldTest-BoldTestUITests-frameworks.sh\"\n";
			showEnvVarsInLog = 0;
		};
		A7645D2EB52194D35150A3D0 /* [CP] Embed Pods Frameworks */ = {
			isa = PBXShellScriptBuildPhase;
			buildActionMask = 2147483647;
			files = (
			);
			inputFileListPaths = (
				"${PODS_ROOT}/Target Support Files/Pods-BoldTest/Pods-BoldTest-frameworks-${CONFIGURATION}-input-files.xcfilelist",
			);
			name = "[CP] Embed Pods Frameworks";
			outputFileListPaths = (
				"${PODS_ROOT}/Target Support Files/Pods-BoldTest/Pods-BoldTest-frameworks-${CONFIGURATION}-output-files.xcfilelist",
			);
			runOnlyForDeploymentPostprocessing = 0;
			shellPath = /bin/sh;
			shellScript = "\"${PODS_ROOT}/Target Support Files/Pods-BoldTest/Pods-BoldTest-frameworks.sh\"\n";
			showEnvVarsInLog = 0;
		};
		F656839AEFE8663E84F72483 /* [CP] Check Pods Manifest.lock */ = {
			isa = PBXShellScriptBuildPhase;
			buildActionMask = 2147483647;
			files = (
			);
			inputFileListPaths = (
			);
			inputPaths = (
				"${PODS_PODFILE_DIR_PATH}/Podfile.lock",
				"${PODS_ROOT}/Manifest.lock",
			);
			name = "[CP] Check Pods Manifest.lock";
			outputFileListPaths = (
			);
			outputPaths = (
				"$(DERIVED_FILE_DIR)/Pods-BoldTest-checkManifestLockResult.txt",
			);
			runOnlyForDeploymentPostprocessing = 0;
			shellPath = /bin/sh;
			shellScript = "diff \"${PODS_PODFILE_DIR_PATH}/Podfile.lock\" \"${PODS_ROOT}/Manifest.lock\" > /dev/null\nif [ $? != 0 ] ; then\n    # print error to STDERR\n    echo \"error: The sandbox is not in sync with the Podfile.lock. Run 'pod install' or update your CocoaPods installation.\" >&2\n    exit 1\nfi\n# This output is used by Xcode 'outputs' to avoid re-running this script phase.\necho \"SUCCESS\" > \"${SCRIPT_OUTPUT_FILE_0}\"\n";
			showEnvVarsInLog = 0;
		};
/* End PBXShellScriptBuildPhase section */

/* Begin PBXSourcesBuildPhase section */
		AA87988827D7FAAD00FD8C2C /* Sources */ = {
			isa = PBXSourcesBuildPhase;
			buildActionMask = 2147483647;
			files = (
				AA0ED32127DA375E00DBD6A6 /* UIImageView+LH.swift in Sources */,
				4ED5887627D916E900BA8CA7 /* LocationsDetailsRouter.swift in Sources */,
				AA8798CC27D7FCE000FD8C2C /* AppRouter.swift in Sources */,
				AA8798DF27D7FEBC00FD8C2C /* HomeRouter.swift in Sources */,
				4ED5887A27D9170100BA8CA7 /* LocationsDetailsInteractor.swift in Sources */,
				AA87989427D7FAAD00FD8C2C /* BaseViewController.swift in Sources */,
				4ED5885A27D8F22F00BA8CA7 /* BTImageView.swift in Sources */,
				4ED5887827D916F600BA8CA7 /* LocationsDetailsModel.swift in Sources */,
				4ED5887427D916C700BA8CA7 /* LocationsDetailsPresenter.swift in Sources */,
				AA87989027D7FAAD00FD8C2C /* AppDelegate.swift in Sources */,
				AA8798D727D7FE8A00FD8C2C /* HomeInteractor.swift in Sources */,
				4E7DAA3027D9291100588998 /* LocationsDetailsEndpoint.swift in Sources */,
				AA0ED31F27DA35E200DBD6A6 /* Helper.swift in Sources */,
				AA8798CE27D7FCFD00FD8C2C /* GeneralRoute.swift in Sources */,
				AA8798D027D7FD5800FD8C2C /* NetworkService.swift in Sources */,
				4ED5885D27D8F22F00BA8CA7 /* BTTextField.swift in Sources */,
				4ED5887127D916B400BA8CA7 /* LocationsDetailsViewController.swift in Sources */,
				4ED5886427D8F4A600BA8CA7 /* LocationDetails.swift in Sources */,
				AA0ED31C27DA359E00DBD6A6 /* LHSettings.swift in Sources */,
				AA8798D927D7FE9B00FD8C2C /* HomePresenter.swift in Sources */,
				AA0ED31527D978F400DBD6A6 /* LocationDetailsTableViewCell.swift in Sources */,
				4E7DAA2E27D9287F00588998 /* LocationsDetailsAPI.swift in Sources */,
				4ED5886827D8FCF600BA8CA7 /* UINavigationController+BT.swift in Sources */,
				AA0ED31927DA357300DBD6A6 /* LHImageView.swift in Sources */,
				AA8798D427D7FD9200FD8C2C /* HomeViewController.swift in Sources */,
				4ED5886227D8F41A00BA8CA7 /* HomeAPI.swift in Sources */,
				4ED5885B27D8F22F00BA8CA7 /* LoadingIndicatorViewController.swift in Sources */,
				AA8798DD27D7FEB100FD8C2C /* HomeError.swift in Sources */,
				4ED5886C27D900CB00BA8CA7 /* HomeTableViewCell.swift in Sources */,
				4ED5886627D8FCB000BA8CA7 /* UIViewController+BT.swift in Sources */,
				AA8798DB27D7FEA600FD8C2C /* HomeModel.swift in Sources */,
				4ED5886127D8F41A00BA8CA7 /* HomeEndpoint.swift in Sources */,
				AA87989227D7FAAD00FD8C2C /* SceneDelegate.swift in Sources */,
				4ED5885927D8F22F00BA8CA7 /* BTView.swift in Sources */,
			);
			runOnlyForDeploymentPostprocessing = 0;
		};
		AA87989E27D7FAAE00FD8C2C /* Sources */ = {
			isa = PBXSourcesBuildPhase;
			buildActionMask = 2147483647;
			files = (
				AA8798A727D7FAAE00FD8C2C /* BoldTestTests.swift in Sources */,
			);
			runOnlyForDeploymentPostprocessing = 0;
		};
		AA8798A827D7FAAE00FD8C2C /* Sources */ = {
			isa = PBXSourcesBuildPhase;
			buildActionMask = 2147483647;
			files = (
				AA8798B327D7FAAE00FD8C2C /* BoldTestUITestsLaunchTests.swift in Sources */,
				AA8798B127D7FAAE00FD8C2C /* BoldTestUITests.swift in Sources */,
			);
			runOnlyForDeploymentPostprocessing = 0;
		};
/* End PBXSourcesBuildPhase section */

/* Begin PBXTargetDependency section */
		AA8798A427D7FAAE00FD8C2C /* PBXTargetDependency */ = {
			isa = PBXTargetDependency;
			target = AA87988B27D7FAAD00FD8C2C /* BoldTest */;
			targetProxy = AA8798A327D7FAAE00FD8C2C /* PBXContainerItemProxy */;
		};
		AA8798AE27D7FAAE00FD8C2C /* PBXTargetDependency */ = {
			isa = PBXTargetDependency;
			target = AA87988B27D7FAAD00FD8C2C /* BoldTest */;
			targetProxy = AA8798AD27D7FAAE00FD8C2C /* PBXContainerItemProxy */;
		};
/* End PBXTargetDependency section */

/* Begin PBXVariantGroup section */
		AA87989527D7FAAD00FD8C2C /* Main.storyboard */ = {
			isa = PBXVariantGroup;
			children = (
				AA87989627D7FAAD00FD8C2C /* Base */,
			);
			name = Main.storyboard;
			sourceTree = "<group>";
		};
		AA87989A27D7FAAE00FD8C2C /* LaunchScreen.storyboard */ = {
			isa = PBXVariantGroup;
			children = (
				AA87989B27D7FAAE00FD8C2C /* Base */,
			);
			name = LaunchScreen.storyboard;
			sourceTree = "<group>";
		};
/* End PBXVariantGroup section */

/* Begin XCBuildConfiguration section */
		AA8798B427D7FAAE00FD8C2C /* Debug */ = {
			isa = XCBuildConfiguration;
			buildSettings = {
				ALWAYS_SEARCH_USER_PATHS = NO;
				CLANG_ANALYZER_NONNULL = YES;
				CLANG_ANALYZER_NUMBER_OBJECT_CONVERSION = YES_AGGRESSIVE;
				CLANG_CXX_LANGUAGE_STANDARD = "gnu++17";
				CLANG_CXX_LIBRARY = "libc++";
				CLANG_ENABLE_MODULES = YES;
				CLANG_ENABLE_OBJC_ARC = YES;
				CLANG_ENABLE_OBJC_WEAK = YES;
				CLANG_WARN_BLOCK_CAPTURE_AUTORELEASING = YES;
				CLANG_WARN_BOOL_CONVERSION = YES;
				CLANG_WARN_COMMA = YES;
				CLANG_WARN_CONSTANT_CONVERSION = YES;
				CLANG_WARN_DEPRECATED_OBJC_IMPLEMENTATIONS = YES;
				CLANG_WARN_DIRECT_OBJC_ISA_USAGE = YES_ERROR;
				CLANG_WARN_DOCUMENTATION_COMMENTS = YES;
				CLANG_WARN_EMPTY_BODY = YES;
				CLANG_WARN_ENUM_CONVERSION = YES;
				CLANG_WARN_INFINITE_RECURSION = YES;
				CLANG_WARN_INT_CONVERSION = YES;
				CLANG_WARN_NON_LITERAL_NULL_CONVERSION = YES;
				CLANG_WARN_OBJC_IMPLICIT_RETAIN_SELF = YES;
				CLANG_WARN_OBJC_LITERAL_CONVERSION = YES;
				CLANG_WARN_OBJC_ROOT_CLASS = YES_ERROR;
				CLANG_WARN_QUOTED_INCLUDE_IN_FRAMEWORK_HEADER = YES;
				CLANG_WARN_RANGE_LOOP_ANALYSIS = YES;
				CLANG_WARN_STRICT_PROTOTYPES = YES;
				CLANG_WARN_SUSPICIOUS_MOVE = YES;
				CLANG_WARN_UNGUARDED_AVAILABILITY = YES_AGGRESSIVE;
				CLANG_WARN_UNREACHABLE_CODE = YES;
				CLANG_WARN__DUPLICATE_METHOD_MATCH = YES;
				COPY_PHASE_STRIP = NO;
				DEBUG_INFORMATION_FORMAT = dwarf;
				ENABLE_STRICT_OBJC_MSGSEND = YES;
				ENABLE_TESTABILITY = YES;
				GCC_C_LANGUAGE_STANDARD = gnu11;
				GCC_DYNAMIC_NO_PIC = NO;
				GCC_NO_COMMON_BLOCKS = YES;
				GCC_OPTIMIZATION_LEVEL = 0;
				GCC_PREPROCESSOR_DEFINITIONS = (
					"DEBUG=1",
					"$(inherited)",
				);
				GCC_WARN_64_TO_32_BIT_CONVERSION = YES;
				GCC_WARN_ABOUT_RETURN_TYPE = YES_ERROR;
				GCC_WARN_UNDECLARED_SELECTOR = YES;
				GCC_WARN_UNINITIALIZED_AUTOS = YES_AGGRESSIVE;
				GCC_WARN_UNUSED_FUNCTION = YES;
				GCC_WARN_UNUSED_VARIABLE = YES;
				IPHONEOS_DEPLOYMENT_TARGET = 15.2;
				MTL_ENABLE_DEBUG_INFO = INCLUDE_SOURCE;
				MTL_FAST_MATH = YES;
				ONLY_ACTIVE_ARCH = YES;
				SDKROOT = iphoneos;
				SWIFT_ACTIVE_COMPILATION_CONDITIONS = DEBUG;
				SWIFT_OPTIMIZATION_LEVEL = "-Onone";
			};
			name = Debug;
		};
		AA8798B527D7FAAE00FD8C2C /* Release */ = {
			isa = XCBuildConfiguration;
			buildSettings = {
				ALWAYS_SEARCH_USER_PATHS = NO;
				CLANG_ANALYZER_NONNULL = YES;
				CLANG_ANALYZER_NUMBER_OBJECT_CONVERSION = YES_AGGRESSIVE;
				CLANG_CXX_LANGUAGE_STANDARD = "gnu++17";
				CLANG_CXX_LIBRARY = "libc++";
				CLANG_ENABLE_MODULES = YES;
				CLANG_ENABLE_OBJC_ARC = YES;
				CLANG_ENABLE_OBJC_WEAK = YES;
				CLANG_WARN_BLOCK_CAPTURE_AUTORELEASING = YES;
				CLANG_WARN_BOOL_CONVERSION = YES;
				CLANG_WARN_COMMA = YES;
				CLANG_WARN_CONSTANT_CONVERSION = YES;
				CLANG_WARN_DEPRECATED_OBJC_IMPLEMENTATIONS = YES;
				CLANG_WARN_DIRECT_OBJC_ISA_USAGE = YES_ERROR;
				CLANG_WARN_DOCUMENTATION_COMMENTS = YES;
				CLANG_WARN_EMPTY_BODY = YES;
				CLANG_WARN_ENUM_CONVERSION = YES;
				CLANG_WARN_INFINITE_RECURSION = YES;
				CLANG_WARN_INT_CONVERSION = YES;
				CLANG_WARN_NON_LITERAL_NULL_CONVERSION = YES;
				CLANG_WARN_OBJC_IMPLICIT_RETAIN_SELF = YES;
				CLANG_WARN_OBJC_LITERAL_CONVERSION = YES;
				CLANG_WARN_OBJC_ROOT_CLASS = YES_ERROR;
				CLANG_WARN_QUOTED_INCLUDE_IN_FRAMEWORK_HEADER = YES;
				CLANG_WARN_RANGE_LOOP_ANALYSIS = YES;
				CLANG_WARN_STRICT_PROTOTYPES = YES;
				CLANG_WARN_SUSPICIOUS_MOVE = YES;
				CLANG_WARN_UNGUARDED_AVAILABILITY = YES_AGGRESSIVE;
				CLANG_WARN_UNREACHABLE_CODE = YES;
				CLANG_WARN__DUPLICATE_METHOD_MATCH = YES;
				COPY_PHASE_STRIP = NO;
				DEBUG_INFORMATION_FORMAT = "dwarf-with-dsym";
				ENABLE_NS_ASSERTIONS = NO;
				ENABLE_STRICT_OBJC_MSGSEND = YES;
				GCC_C_LANGUAGE_STANDARD = gnu11;
				GCC_NO_COMMON_BLOCKS = YES;
				GCC_WARN_64_TO_32_BIT_CONVERSION = YES;
				GCC_WARN_ABOUT_RETURN_TYPE = YES_ERROR;
				GCC_WARN_UNDECLARED_SELECTOR = YES;
				GCC_WARN_UNINITIALIZED_AUTOS = YES_AGGRESSIVE;
				GCC_WARN_UNUSED_FUNCTION = YES;
				GCC_WARN_UNUSED_VARIABLE = YES;
				IPHONEOS_DEPLOYMENT_TARGET = 15.2;
				MTL_ENABLE_DEBUG_INFO = NO;
				MTL_FAST_MATH = YES;
				SDKROOT = iphoneos;
				SWIFT_COMPILATION_MODE = wholemodule;
				SWIFT_OPTIMIZATION_LEVEL = "-O";
				VALIDATE_PRODUCT = YES;
			};
			name = Release;
		};
		AA8798B727D7FAAE00FD8C2C /* Debug */ = {
			isa = XCBuildConfiguration;
			baseConfigurationReference = B724BC7B2E222A249420B92E /* Pods-BoldTest.debug.xcconfig */;
			buildSettings = {
				ASSETCATALOG_COMPILER_APPICON_NAME = AppIcon;
				ASSETCATALOG_COMPILER_GLOBAL_ACCENT_COLOR_NAME = AccentColor;
				CODE_SIGN_STYLE = Automatic;
				CURRENT_PROJECT_VERSION = 1;
				DEVELOPMENT_TEAM = RP42U42DBN;
				GENERATE_INFOPLIST_FILE = YES;
				INFOPLIST_FILE = BoldTest/Info.plist;
				INFOPLIST_KEY_UIApplicationSupportsIndirectInputEvents = YES;
				INFOPLIST_KEY_UILaunchStoryboardName = LaunchScreen;
				INFOPLIST_KEY_UIMainStoryboardFile = Main;
				INFOPLIST_KEY_UISupportedInterfaceOrientations_iPad = "UIInterfaceOrientationPortrait UIInterfaceOrientationPortraitUpsideDown UIInterfaceOrientationLandscapeLeft UIInterfaceOrientationLandscapeRight";
				INFOPLIST_KEY_UISupportedInterfaceOrientations_iPhone = "UIInterfaceOrientationPortrait UIInterfaceOrientationLandscapeLeft UIInterfaceOrientationLandscapeRight";
				IPHONEOS_DEPLOYMENT_TARGET = 11.0;
				LD_RUNPATH_SEARCH_PATHS = (
					"$(inherited)",
					"@executable_path/Frameworks",
				);
				MARKETING_VERSION = 1.0;
				PRODUCT_BUNDLE_IDENTIFIER = com.BoldTest.BoldTest;
				PRODUCT_NAME = "$(TARGET_NAME)";
				SWIFT_EMIT_LOC_STRINGS = YES;
				SWIFT_VERSION = 5.0;
				TARGETED_DEVICE_FAMILY = "1,2";
			};
			name = Debug;
		};
		AA8798B827D7FAAE00FD8C2C /* Release */ = {
			isa = XCBuildConfiguration;
			baseConfigurationReference = 9BDC3BBF47DA09257CD34B73 /* Pods-BoldTest.release.xcconfig */;
			buildSettings = {
				ASSETCATALOG_COMPILER_APPICON_NAME = AppIcon;
				ASSETCATALOG_COMPILER_GLOBAL_ACCENT_COLOR_NAME = AccentColor;
				CODE_SIGN_STYLE = Automatic;
				CURRENT_PROJECT_VERSION = 1;
				DEVELOPMENT_TEAM = RP42U42DBN;
				GENERATE_INFOPLIST_FILE = YES;
				INFOPLIST_FILE = BoldTest/Info.plist;
				INFOPLIST_KEY_UIApplicationSupportsIndirectInputEvents = YES;
				INFOPLIST_KEY_UILaunchStoryboardName = LaunchScreen;
				INFOPLIST_KEY_UIMainStoryboardFile = Main;
				INFOPLIST_KEY_UISupportedInterfaceOrientations_iPad = "UIInterfaceOrientationPortrait UIInterfaceOrientationPortraitUpsideDown UIInterfaceOrientationLandscapeLeft UIInterfaceOrientationLandscapeRight";
				INFOPLIST_KEY_UISupportedInterfaceOrientations_iPhone = "UIInterfaceOrientationPortrait UIInterfaceOrientationLandscapeLeft UIInterfaceOrientationLandscapeRight";
				IPHONEOS_DEPLOYMENT_TARGET = 11.0;
				LD_RUNPATH_SEARCH_PATHS = (
					"$(inherited)",
					"@executable_path/Frameworks",
				);
				MARKETING_VERSION = 1.0;
				PRODUCT_BUNDLE_IDENTIFIER = com.BoldTest.BoldTest;
				PRODUCT_NAME = "$(TARGET_NAME)";
				SWIFT_EMIT_LOC_STRINGS = YES;
				SWIFT_VERSION = 5.0;
				TARGETED_DEVICE_FAMILY = "1,2";
			};
			name = Release;
		};
		AA8798BA27D7FAAE00FD8C2C /* Debug */ = {
			isa = XCBuildConfiguration;
			baseConfigurationReference = 9DC40F9C7DE89666D57F90E6 /* Pods-BoldTestTests.debug.xcconfig */;
			buildSettings = {
				ALWAYS_EMBED_SWIFT_STANDARD_LIBRARIES = YES;
				BUNDLE_LOADER = "$(TEST_HOST)";
				CODE_SIGN_STYLE = Automatic;
				CURRENT_PROJECT_VERSION = 1;
				DEVELOPMENT_TEAM = RP42U42DBN;
				GENERATE_INFOPLIST_FILE = YES;
				IPHONEOS_DEPLOYMENT_TARGET = 15.2;
				MARKETING_VERSION = 1.0;
				PRODUCT_BUNDLE_IDENTIFIER = com.BoldTest.BoldTestTests;
				PRODUCT_NAME = "$(TARGET_NAME)";
				SWIFT_EMIT_LOC_STRINGS = NO;
				SWIFT_VERSION = 5.0;
				TARGETED_DEVICE_FAMILY = "1,2";
				TEST_HOST = "$(BUILT_PRODUCTS_DIR)/BoldTest.app/BoldTest";
			};
			name = Debug;
		};
		AA8798BB27D7FAAE00FD8C2C /* Release */ = {
			isa = XCBuildConfiguration;
			baseConfigurationReference = BB66C6C38140E4903CCBF524 /* Pods-BoldTestTests.release.xcconfig */;
			buildSettings = {
				ALWAYS_EMBED_SWIFT_STANDARD_LIBRARIES = YES;
				BUNDLE_LOADER = "$(TEST_HOST)";
				CODE_SIGN_STYLE = Automatic;
				CURRENT_PROJECT_VERSION = 1;
				DEVELOPMENT_TEAM = RP42U42DBN;
				GENERATE_INFOPLIST_FILE = YES;
				IPHONEOS_DEPLOYMENT_TARGET = 15.2;
				MARKETING_VERSION = 1.0;
				PRODUCT_BUNDLE_IDENTIFIER = com.BoldTest.BoldTestTests;
				PRODUCT_NAME = "$(TARGET_NAME)";
				SWIFT_EMIT_LOC_STRINGS = NO;
				SWIFT_VERSION = 5.0;
				TARGETED_DEVICE_FAMILY = "1,2";
				TEST_HOST = "$(BUILT_PRODUCTS_DIR)/BoldTest.app/BoldTest";
			};
			name = Release;
		};
		AA8798BD27D7FAAE00FD8C2C /* Debug */ = {
			isa = XCBuildConfiguration;
			baseConfigurationReference = B7747540A3BBA14F7CF04D1D /* Pods-BoldTest-BoldTestUITests.debug.xcconfig */;
			buildSettings = {
				ALWAYS_EMBED_SWIFT_STANDARD_LIBRARIES = YES;
				CODE_SIGN_STYLE = Automatic;
				CURRENT_PROJECT_VERSION = 1;
				DEVELOPMENT_TEAM = RP42U42DBN;
				GENERATE_INFOPLIST_FILE = YES;
				MARKETING_VERSION = 1.0;
				PRODUCT_BUNDLE_IDENTIFIER = com.BoldTest.BoldTestUITests;
				PRODUCT_NAME = "$(TARGET_NAME)";
				SWIFT_EMIT_LOC_STRINGS = NO;
				SWIFT_VERSION = 5.0;
				TARGETED_DEVICE_FAMILY = "1,2";
				TEST_TARGET_NAME = BoldTest;
			};
			name = Debug;
		};
		AA8798BE27D7FAAE00FD8C2C /* Release */ = {
			isa = XCBuildConfiguration;
			baseConfigurationReference = 90C341C2A246D52814BFD9EA /* Pods-BoldTest-BoldTestUITests.release.xcconfig */;
			buildSettings = {
				ALWAYS_EMBED_SWIFT_STANDARD_LIBRARIES = YES;
				CODE_SIGN_STYLE = Automatic;
				CURRENT_PROJECT_VERSION = 1;
				DEVELOPMENT_TEAM = RP42U42DBN;
				GENERATE_INFOPLIST_FILE = YES;
				MARKETING_VERSION = 1.0;
				PRODUCT_BUNDLE_IDENTIFIER = com.BoldTest.BoldTestUITests;
				PRODUCT_NAME = "$(TARGET_NAME)";
				SWIFT_EMIT_LOC_STRINGS = NO;
				SWIFT_VERSION = 5.0;
				TARGETED_DEVICE_FAMILY = "1,2";
				TEST_TARGET_NAME = BoldTest;
			};
			name = Release;
		};
/* End XCBuildConfiguration section */

/* Begin XCConfigurationList section */
		AA87988727D7FAAD00FD8C2C /* Build configuration list for PBXProject "BoldTest" */ = {
			isa = XCConfigurationList;
			buildConfigurations = (
				AA8798B427D7FAAE00FD8C2C /* Debug */,
				AA8798B527D7FAAE00FD8C2C /* Release */,
			);
			defaultConfigurationIsVisible = 0;
			defaultConfigurationName = Release;
		};
		AA8798B627D7FAAE00FD8C2C /* Build configuration list for PBXNativeTarget "BoldTest" */ = {
			isa = XCConfigurationList;
			buildConfigurations = (
				AA8798B727D7FAAE00FD8C2C /* Debug */,
				AA8798B827D7FAAE00FD8C2C /* Release */,
			);
			defaultConfigurationIsVisible = 0;
			defaultConfigurationName = Release;
		};
		AA8798B927D7FAAE00FD8C2C /* Build configuration list for PBXNativeTarget "BoldTestTests" */ = {
			isa = XCConfigurationList;
			buildConfigurations = (
				AA8798BA27D7FAAE00FD8C2C /* Debug */,
				AA8798BB27D7FAAE00FD8C2C /* Release */,
			);
			defaultConfigurationIsVisible = 0;
			defaultConfigurationName = Release;
		};
		AA8798BC27D7FAAE00FD8C2C /* Build configuration list for PBXNativeTarget "BoldTestUITests" */ = {
			isa = XCConfigurationList;
			buildConfigurations = (
				AA8798BD27D7FAAE00FD8C2C /* Debug */,
				AA8798BE27D7FAAE00FD8C2C /* Release */,
			);
			defaultConfigurationIsVisible = 0;
			defaultConfigurationName = Release;
		};
/* End XCConfigurationList section */
	};
	rootObject = AA87988427D7FAAD00FD8C2C /* Project object */;
}
